
Microsoft Visual Studio Solution File, Format Version 12.00
# Visual Studio Version 17
VisualStudioVersion = 17.0.31903.59
MinimumVisualStudioVersion = 10.0.40219.1
Project("{FAE04EC0-301F-11D3-BF4B-00C04F79EFBC}") = "repl", "repl\repl.csproj", "{9C0E5751-91A1-4532-9C34-5C176F673BEF}"
EndProject
Project("{FAE04EC0-301F-11D3-BF4B-00C04F79EFBC}") = "scheme", "scheme\scheme.csproj", "{9F72B5FC-47C8-4417-8778-EDB83CB7CDD8}"
EndProject
Project("{FAE04EC0-301F-11D3-BF4B-00C04F79EFBC}") = "tests", "tests\tests.csproj", "{8FF34815-DD3B-4CCC-B950-8BF7F8350F64}"
EndProject
Global
	GlobalSection(SolutionConfigurationPlatforms) = preSolution
		Debug|Any CPU = Debug|Any CPU
		Release|Any CPU = Release|Any CPU
	EndGlobalSection
	GlobalSection(SolutionProperties) = preSolution
		HideSolutionNode = FALSE
	EndGlobalSection
	GlobalSection(ProjectConfigurationPlatforms) = postSolution
		{9C0E5751-91A1-4532-9C34-5C176F673BEF}.Debug|Any CPU.ActiveCfg = Debug|Any CPU
		{9C0E5751-91A1-4532-9C34-5C176F673BEF}.Debug|Any CPU.Build.0 = Debug|Any CPU
		{9C0E5751-91A1-4532-9C34-5C176F673BEF}.Release|Any CPU.ActiveCfg = Release|Any CPU
		{9C0E5751-91A1-4532-9C34-5C176F673BEF}.Release|Any CPU.Build.0 = Release|Any CPU
		{9F72B5FC-47C8-4417-8778-EDB83CB7CDD8}.Debug|Any CPU.ActiveCfg = Debug|Any CPU
		{9F72B5FC-47C8-4417-8778-EDB83CB7CDD8}.Debug|Any CPU.Build.0 = Debug|Any CPU
		{9F72B5FC-47C8-4417-8778-EDB83CB7CDD8}.Release|Any CPU.ActiveCfg = Release|Any CPU
		{9F72B5FC-47C8-4417-8778-EDB83CB7CDD8}.Release|Any CPU.Build.0 = Release|Any CPU
		{8FF34815-DD3B-4CCC-B950-8BF7F8350F64}.Debug|Any CPU.ActiveCfg = Debug|Any CPU
		{8FF34815-DD3B-4CCC-B950-8BF7F8350F64}.Debug|Any CPU.Build.0 = Debug|Any CPU
		{8FF34815-DD3B-4CCC-B950-8BF7F8350F64}.Release|Any CPU.ActiveCfg = Release|Any CPU
		{8FF34815-DD3B-4CCC-B950-8BF7F8350F64}.Release|Any CPU.Build.0 = Release|Any CPU
	EndGlobalSection
EndGlobal
